
Microsoft Visual Studio Solution File, Format Version 12.00
# Visual Studio Version 17
VisualStudioVersion = 17.4.33205.214
MinimumVisualStudioVersion = 10.0.40219.1
Project("{FAE04EC0-301F-11D3-BF4B-00C04F79EFBC}") = "PequisaIdade", "PequisaIdade\PequisaIdade.csproj", "{64967231-21AF-439D-9AC0-463AD69C1658}"
EndProject
Global
	GlobalSection(SolutionConfigurationPlatforms) = preSolution
		Debug|Any CPU = Debug|Any CPU
		Release|Any CPU = Release|Any CPU
	EndGlobalSection
	GlobalSection(ProjectConfigurationPlatforms) = postSolution
		{64967231-21AF-439D-9AC0-463AD69C1658}.Debug|Any CPU.ActiveCfg = Debug|Any CPU
		{64967231-21AF-439D-9AC0-463AD69C1658}.Debug|Any CPU.Build.0 = Debug|Any CPU
		{64967231-21AF-439D-9AC0-463AD69C1658}.Release|Any CPU.ActiveCfg = Release|Any CPU
		{64967231-21AF-439D-9AC0-463AD69C1658}.Release|Any CPU.Build.0 = Release|Any CPU
	EndGlobalSection
	GlobalSection(SolutionProperties) = preSolution
		HideSolutionNode = FALSE
	EndGlobalSection
	GlobalSection(ExtensibilityGlobals) = postSolution
		SolutionGuid = {A9E3C5C7-1DD7-43BD-8E6F-6551C0E6E267}
	EndGlobalSection
EndGlobal
